{
  "nodes": {
    "nixpkgs": {
      "locked": {
        "lastModified": 1790769526,
        "narHash": "sha256-5AIVFLRcx8YAwbFTVPTs7YhwJH7JyHfAQsvXmpovcXI=",
        "owner": "NixOS",
        "repo": "nixpkgs",
        "rev": "c9fe7d12cd78d1adcd12dd15e24432dde5b155a0",
        "type": "github"
      },
      "original": {
        "owner": "NixOS",
        "ref": "nixpkgs-unstable",
        "repo": "nixpkgs",
        "type": "github"
      }
    },
    "nixpkgs-zola": {
      "locked": {
        "lastModified": 1786213133,
        "narHash": "sha256-rqSeHvC2lRgFBWLbfTNZrd+XIsgL8jYQo+KANn4Je/Y=",
        "owner": "NixOS",
        "repo": "nixpkgs",
        "rev": "a50ab42bfe17b6cb772d43a8b9c8fef9d650c556",
        "type": "github"
      },
      "original": {
        "owner": "NixOS",
        "repo": "nixpkgs",
        "rev": "a50ab42bfe17b6cb772d43a8b9c8fef9d650c556",
        "type": "github"
      }
    },
    "root": {
      "inputs": {
        "nixpkgs": "nixpkgs",
        "nixpkgs-zola": "nixpkgs-zola",
        "theme": "theme"
      }
    },
    "theme": {
      "flake": false,
      "locked": {
        "lastModified": 1788472765,
        "narHash": "sha256-tAET2vzujolQuD9Uwvat8nIVqsHjKoSaIbX2IeRFjAU=",
        "owner": "ebkalderon",
        "repo": "terminus",
        "rev": "2bef349d339d42b19c431d0478934b10d32f485b",
        "type": "github"
      },
      "original": {
        "owner": "ebkalderon",
        "repo": "terminus",
        "type": "github"
      }
    }
  },
  "root": "root",
  "version": 7
}
